<?xml version="1.0" encoding="utf-8"?>
<Project ToolsVersion="4.0" xmlns="http://schemas.microsoft.com/developer/msbuild/2003">
  <ItemGroup>
    <Filter Include="Source Files">
      <UniqueIdentifier>{4FC737F1-C7A5-4376-A066-2A32D752A2FF}</UniqueIdentifier>
      <Extensions>cpp;c;cc;cxx;def;odl;idl;hpj;bat;asm;asmx</Extensions>
    </Filter>
    <Filter Include="Header Files">
      <UniqueIdentifier>{93995380-89BD-4b04-88EB-625FBE52EBFB}</UniqueIdentifier>
      <Extensions>h;hh;hpp;hxx;hm;inl;inc;xsd</Extensions>
    </Filter>
    <Filter Include="Resource Files">
      <UniqueIdentifier>{67DA6AB6-F800-4c08-8B7A-83BB121AAD01}</UniqueIdentifier>
      <Extensions>rc;ico;cur;bmp;dlg;rc2;rct;bin;rgs;gif;jpg;jpeg;jpe;resx;tiff;tif;png;wav;mfcribbon-ms</Extensions>
    </Filter>
    <Filter Include="public">
      <UniqueIdentifier>{23c1455b-0e92-4dec-addb-17fa476a2e83}</UniqueIdentifier>
    </Filter>
  </ItemGroup>
  <ItemGroup>
    <Text Include="ReadMe.txt" />
    <Text Include="CMakeLists.txt" />
    <Text Include="CMakeCache.txt" />
  </ItemGroup>
  <ItemGroup>
    <ClInclude Include="stdafx.h">
      <Filter>Header Files</Filter>
    </ClInclude>
    <ClInclude Include="targetver.h">
      <Filter>Header Files</Filter>
    </ClInclude>
    <ClInclude Include="include\httputility.h">
      <Filter>Header Files</Filter>
    </ClInclude>
    <ClInclude Include="include\main.h">
      <Filter>Header Files</Filter>
    </ClInclude>
    <ClInclude Include="include\mongodb.h">
      <Filter>Header Files</Filter>
    </ClInclude>
    <ClInclude Include="resource.h">
      <Filter>Header Files</Filter>
    </ClInclude>
    <ClInclude Include="include\infrastructure.h">
      <Filter>Header Files</Filter>
    </ClInclude>
    <ClInclude Include="include\utils.h">
      <Filter>Header Files</Filter>
    </ClInclude>
    <ClInclude Include="include\StaticFileHandler.h">
      <Filter>Header Files</Filter>
    </ClInclude>
    <ClInclude Include="include\api.h">
      <Filter>Header Files</Filter>
    </ClInclude>
  </ItemGroup>
  <ItemGroup>
    <ClCompile Include="stdafx.cpp">
      <Filter>Source Files</Filter>
    </ClCompile>
    <ClCompile Include="src\main.cpp">
      <Filter>Source Files</Filter>
    </ClCompile>
    <ClCompile Include="src\httputility.cpp">
      <Filter>Source Files</Filter>
    </ClCompile>
    <ClCompile Include="src\mongodb.cpp">
      <Filter>Source Files</Filter>
    </ClCompile>
    <ClCompile Include="src\infrastructure.cpp">
      <Filter>Source Files</Filter>
    </ClCompile>
    <ClCompile Include="src\utils.cpp">
      <Filter>Source Files</Filter>
    </ClCompile>
    <ClCompile Include="src\StaticFileHandler.cpp">
      <Filter>Source Files</Filter>
    </ClCompile>
    <ClCompile Include="src\api.cpp">
      <Filter>Source Files</Filter>
    </ClCompile>
  </ItemGroup>
  <ItemGroup>
    <ResourceCompile Include="SearchEngineCore.rc">
      <Filter>Resource Files</Filter>
    </ResourceCompile>
  </ItemGroup>
  <ItemGroup>
    <None Include="vcpkg.json" />
    <None Include="public\assets\css\colors\default-rtl.css" />
    <None Include="public\assets\css\colors\default.css" />
    <None Include="public\assets\css\style-rtl.css" />
    <None Include="public\assets\css\style.css" />
    <None Include="public\assets\js\main.js" />
    <None Include="public\assets\lib\ajaxchimp\jquery.ajaxchimp.js" />
    <None Include="public\assets\lib\bootstrap\dist\css\bootstrap-theme.css" />
    <None Include="public\assets\lib\bootstrap\dist\css\bootstrap-theme.css.map" />
    <None Include="public\assets\lib\bootstrap\dist\css\bootstrap-theme.min.css" />
    <None Include="public\assets\lib\bootstrap\dist\css\bootstrap-theme.min.css.map" />
    <None Include="public\assets\lib\bootstrap\dist\css\bootstrap.css" />
    <None Include="public\assets\lib\bootstrap\dist\css\bootstrap.css.map" />
    <None Include="public\assets\lib\bootstrap\dist\css\bootstrap.min.css" />
    <None Include="public\assets\lib\bootstrap\dist\css\bootstrap.min.css.map" />
    <None Include="public\assets\lib\bootstrap\dist\fonts\glyphicons-halflings-regular.eot" />
    <None Include="public\assets\lib\bootstrap\dist\fonts\glyphicons-halflings-regular.svg" />
    <None Include="public\assets\lib\bootstrap\dist\fonts\glyphicons-halflings-regular.woff" />
    <None Include="public\assets\lib\bootstrap\dist\fonts\glyphicons-halflings-regular.woff2" />
    <None Include="public\assets\lib\bootstrap\dist\js\bootstrap.js" />
    <None Include="public\assets\lib\bootstrap\dist\js\bootstrap.min.js" />
    <None Include="public\assets\lib\bootstrap\dist\js\npm.js" />
    <None Include="public\assets\lib\jquery\dist\jquery.js" />
    <None Include="public\assets\lib\owl.carousel\dist\assets\owl.carousel.css" />
    <None Include="public\assets\lib\owl.carousel\dist\owl.carousel.js" />
    <None Include="public\assets\lib\skrollr\src\skrollr.js" />
    <None Include="public\assets\scss\colors\default.scss" />
    <None Include="public\assets\scss\style.scss" />
    <None Include="public\assets\scss\_config.scss" />
    <None Include="public\index.html" />
  </ItemGroup>
  <ItemGroup>
    <Media Include="public\assets\149172-795746658_small.mp4" />
  </ItemGroup>
  <ItemGroup>
    <Image Include="public\assets\images\1.jpg">
      <Filter>Resource Files</Filter>
    </Image>
    <Image Include="public\assets\images\2.jpg">
      <Filter>Resource Files</Filter>
    </Image>
    <Image Include="public\assets\images\3.jpg">
      <Filter>Resource Files</Filter>
    </Image>
    <Image Include="public\assets\images\4.jpg">
      <Filter>Resource Files</Filter>
    </Image>
    <Image Include="public\assets\images\5.jpg">
      <Filter>Resource Files</Filter>
    </Image>
    <Image Include="public\assets\images\6.jpg">
      <Filter>Resource Files</Filter>
    </Image>
    <Image Include="public\assets\images\7.jpg">
      <Filter>Resource Files</Filter>
    </Image>
    <Image Include="public\assets\images\header_bg.jpg">
      <Filter>Resource Files</Filter>
    </Image>
    <Image Include="public\assets\images\image-background.jpg">
      <Filter>Resource Files</Filter>
    </Image>
    <Image Include="public\assets\images\ken-burns-background.jpg">
      <Filter>Resource Files</Filter>
    </Image>
    <Image Include="public\assets\images\slide1.jpg">
      <Filter>Resource Files</Filter>
    </Image>
    <Image Include="public\assets\images\slide2.jpg">
      <Filter>Resource Files</Filter>
    </Image>
    <Image Include="public\assets\images\slider-background.jpg">
      <Filter>Resource Files</Filter>
    </Image>
    <Image Include="public\assets\images\video-background.jpg">
      <Filter>Resource Files</Filter>
    </Image>
  </ItemGroup>
  <ItemGroup>
    <Font Include="public\assets\lib\bootstrap\dist\fonts\glyphicons-halflings-regular.ttf" />
  </ItemGroup>
</Project>